
Microsoft Visual Studio Solution File, Format Version 12.00
# Visual Studio Version 17
VisualStudioVersion = 17.14.36221.1
MinimumVisualStudioVersion = 10.0.40219.1
Project("{FAE04EC0-301F-11D3-BF4B-00C04F79EFBC}") = "CAMACAYLAN_MEALORDER", "CAMACAYLAN_MEALORDER.csproj", "{EB472EC2-9A4E-4AC7-A255-9B57F0BEEF96}"
EndProject
Global
	GlobalSection(SolutionConfigurationPlatforms) = preSolution
		Debug|Any CPU = Debug|Any CPU
		Release|Any CPU = Release|Any CPU
	EndGlobalSection
	GlobalSection(ProjectConfigurationPlatforms) = postSolution
		{EB472EC2-9A4E-4AC7-A255-9B57F0BEEF96}.Debug|Any CPU.ActiveCfg = Debug|Any CPU
		{EB472EC2-9A4E-4AC7-A255-9B57F0BEEF96}.Debug|Any CPU.Build.0 = Debug|Any CPU
		{EB472EC2-9A4E-4AC7-A255-9B57F0BEEF96}.Release|Any CPU.ActiveCfg = Release|Any CPU
		{EB472EC2-9A4E-4AC7-A255-9B57F0BEEF96}.Release|Any CPU.Build.0 = Release|Any CPU
	EndGlobalSection
	GlobalSection(SolutionProperties) = preSolution
		HideSolutionNode = FALSE
	EndGlobalSection
	GlobalSection(ExtensibilityGlobals) = postSolution
		SolutionGuid = {05956A1A-47AF-48B9-A58F-D95944AFDDF6}
	EndGlobalSection
EndGlobal
