
Microsoft Visual Studio Solution File, Format Version 12.00
# Visual Studio Version 17
VisualStudioVersion = 17.14.36221.1 d17.14
MinimumVisualStudioVersion = 10.0.40219.1
Project("{FAE04EC0-301F-11D3-BF4B-00C04F79EFBC}") = "WindowsFormsApp2", "WindowsFormsApp2.csproj", "{0A1BB47B-CA7A-4FAF-BA75-5D1E8380371C}"
EndProject
Global
	GlobalSection(SolutionConfigurationPlatforms) = preSolution
		Debug|Any CPU = Debug|Any CPU
		Release|Any CPU = Release|Any CPU
	EndGlobalSection
	GlobalSection(ProjectConfigurationPlatforms) = postSolution
		{0A1BB47B-CA7A-4FAF-BA75-5D1E8380371C}.Debug|Any CPU.ActiveCfg = Debug|Any CPU
		{0A1BB47B-CA7A-4FAF-BA75-5D1E8380371C}.Debug|Any CPU.Build.0 = Debug|Any CPU
		{0A1BB47B-CA7A-4FAF-BA75-5D1E8380371C}.Release|Any CPU.ActiveCfg = Release|Any CPU
		{0A1BB47B-CA7A-4FAF-BA75-5D1E8380371C}.Release|Any CPU.Build.0 = Release|Any CPU
	EndGlobalSection
	GlobalSection(SolutionProperties) = preSolution
		HideSolutionNode = FALSE
	EndGlobalSection
	GlobalSection(ExtensibilityGlobals) = postSolution
		SolutionGuid = {05493558-47CF-4CAC-B247-0F8649564775}
	EndGlobalSection
EndGlobal
