
Microsoft Visual Studio Solution File, Format Version 12.00
# Visual Studio Version 17
VisualStudioVersion = 17.13.35825.156 d17.13
MinimumVisualStudioVersion = 10.0.40219.1
Project("{FAE04EC0-301F-11D3-BF4B-00C04F79EFBC}") = "Camacaylan_ListOfNames", "Camacaylan_ListOfNames.csproj", "{8DD6B66B-AE9F-4D9C-A72B-E022156A042F}"
EndProject
Global
	GlobalSection(SolutionConfigurationPlatforms) = preSolution
		Debug|Any CPU = Debug|Any CPU
		Release|Any CPU = Release|Any CPU
	EndGlobalSection
	GlobalSection(ProjectConfigurationPlatforms) = postSolution
		{8DD6B66B-AE9F-4D9C-A72B-E022156A042F}.Debug|Any CPU.ActiveCfg = Debug|Any CPU
		{8DD6B66B-AE9F-4D9C-A72B-E022156A042F}.Debug|Any CPU.Build.0 = Debug|Any CPU
		{8DD6B66B-AE9F-4D9C-A72B-E022156A042F}.Release|Any CPU.ActiveCfg = Release|Any CPU
		{8DD6B66B-AE9F-4D9C-A72B-E022156A042F}.Release|Any CPU.Build.0 = Release|Any CPU
	EndGlobalSection
	GlobalSection(SolutionProperties) = preSolution
		HideSolutionNode = FALSE
	EndGlobalSection
	GlobalSection(ExtensibilityGlobals) = postSolution
		SolutionGuid = {625E0A90-A5B1-46CE-917C-BB7C7D783F2E}
	EndGlobalSection
EndGlobal
